
Microsoft Visual Studio Solution File, Format Version 12.00
# Visual Studio Version 17
VisualStudioVersion = 17.10.34728.248
MinimumVisualStudioVersion = 10.0.40219.1
Project("{2150E333-8FDC-42A3-9474-1A3956D46DE8}") = "Generic", "Generic", "{54709017-F03B-4757-ACFC-30385AFE06B4}"
EndProject
Project("{2150E333-8FDC-42A3-9474-1A3956D46DE8}") = "Models", "Models", "{6CED1DF5-743C-47FC-B914-F8F901841B1D}"
EndProject
Project("{2150E333-8FDC-42A3-9474-1A3956D46DE8}") = "WinForms", "WinForms", "{4149F270-B10F-42DD-B47B-D7D51D5B8DBE}"
EndProject
Project("{2150E333-8FDC-42A3-9474-1A3956D46DE8}") = "CommunityToolkit", "CommunityToolkit", "{390790CD-3C28-4DCB-875F-122C919A31D4}"
EndProject
Project("{2150E333-8FDC-42A3-9474-1A3956D46DE8}") = "_solutionItem", "_solutionItem", "{49EC974D-7A79-4565-802B-09A6CB08C0DA}"
	ProjectSection(SolutionItems) = preProject
		.editorconfig = .editorconfig
		..\..\..\NuGet.config = ..\..\..\NuGet.config
	EndProjectSection
EndProject
Project("{FAE04EC0-301F-11D3-BF4B-00C04F79EFBC}") = "CommunityToolkit.WinForms.Mvvm", "..\..\..\src\CommunityToolkit.WinForms.Mvvm\CommunityToolkit.WinForms.Mvvm.csproj", "{D449DE19-A848-524D-7A6D-22FCF906640A}"
EndProject
Project("{FAE04EC0-301F-11D3-BF4B-00C04F79EFBC}") = "CommunityToolkit.DesktopGeneric.Mvvm", "..\..\..\src\CommunityToolkit.DesktopGeneric.Mvvm\CommunityToolkit.DesktopGeneric.Mvvm.csproj", "{A18B765C-2F3C-9542-7BFA-790FA67C650B}"
EndProject
Project("{FAE04EC0-301F-11D3-BF4B-00C04F79EFBC}") = "CommunityToolkit.WinForms.TypedInputExtenders", "..\..\..\src\CommunityToolkit.WinForms.TypedInputExtender\CommunityToolkit.WinForms.TypedInputExtenders.csproj", "{79251B21-D7B6-2293-C457-4C64A24E9A97}"
EndProject
Project("{FAE04EC0-301F-11D3-BF4B-00C04F79EFBC}") = "CommunityToolkit.WinForms.FluentUI", "..\..\..\src\CommunityToolkit.WinForms.FluentUI\CommunityToolkit.WinForms.FluentUI.csproj", "{3BE8ECF4-CEA1-C1D8-D6B1-7FA93BFDC87D}"
EndProject
Project("{FAE04EC0-301F-11D3-BF4B-00C04F79EFBC}") = "CommunityToolkit.WinForms.Extensions.FormAndControlExtensions", "..\..\..\src\CommunityToolkit.WinForms.FormAndControlExtensions\CommunityToolkit.WinForms.Extensions.FormAndControlExtensions.csproj", "{82035C8A-F716-4737-1E7C-FCCAD7E7DE9C}"
EndProject
Project("{FAE04EC0-301F-11D3-BF4B-00C04F79EFBC}") = "CommunityToolkit.WinForms.ComponentModel", "..\..\..\src\CommunityToolkit.WinForms.ComponentModel\CommunityToolkit.WinForms.ComponentModel.csproj", "{C654F0AE-061B-D8EF-F1FE-04F086FE80B6}"
EndProject
Project("{FAE04EC0-301F-11D3-BF4B-00C04F79EFBC}") = "TaskTamer.Generic", "TaskTamer.Generic\TaskTamer.Generic.csproj", "{4514E58F-5526-73CA-51E6-4B9C68F6E5C1}"
EndProject
Project("{FAE04EC0-301F-11D3-BF4B-00C04F79EFBC}") = "TaskTamer.DataLayer", "TaskTamer.DataLayer\TaskTamer.DataLayer.csproj", "{A8FB6861-3202-D81D-0728-3CF0368B620C}"
EndProject
Project("{FAE04EC0-301F-11D3-BF4B-00C04F79EFBC}") = "TaskTamer.ViewModels", "TaskTamer.ViewModels\TaskTamer.ViewModels.csproj", "{C54739E5-7491-7BEE-2584-29E88F4F5545}"
EndProject
Project("{FAE04EC0-301F-11D3-BF4B-00C04F79EFBC}") = "TaskTamer9.WinForms", "TaskTamer.WinForms\TaskTamer9.WinForms.csproj", "{2F0309E2-FA57-5EB8-5602-A0953CB41493}"
EndProject
Global
	GlobalSection(SolutionConfigurationPlatforms) = preSolution
		Debug|Any CPU = Debug|Any CPU
		Release|Any CPU = Release|Any CPU
	EndGlobalSection
	GlobalSection(ProjectConfigurationPlatforms) = postSolution
		{D449DE19-A848-524D-7A6D-22FCF906640A}.Debug|Any CPU.ActiveCfg = Debug|Any CPU
		{D449DE19-A848-524D-7A6D-22FCF906640A}.Debug|Any CPU.Build.0 = Debug|Any CPU
		{D449DE19-A848-524D-7A6D-22FCF906640A}.Release|Any CPU.ActiveCfg = Release|Any CPU
		{D449DE19-A848-524D-7A6D-22FCF906640A}.Release|Any CPU.Build.0 = Release|Any CPU
		{A18B765C-2F3C-9542-7BFA-790FA67C650B}.Debug|Any CPU.ActiveCfg = Debug|Any CPU
		{A18B765C-2F3C-9542-7BFA-790FA67C650B}.Debug|Any CPU.Build.0 = Debug|Any CPU
		{A18B765C-2F3C-9542-7BFA-790FA67C650B}.Release|Any CPU.ActiveCfg = Release|Any CPU
		{A18B765C-2F3C-9542-7BFA-790FA67C650B}.Release|Any CPU.Build.0 = Release|Any CPU
		{79251B21-D7B6-2293-C457-4C64A24E9A97}.Debug|Any CPU.ActiveCfg = Debug|Any CPU
		{79251B21-D7B6-2293-C457-4C64A24E9A97}.Debug|Any CPU.Build.0 = Debug|Any CPU
		{79251B21-D7B6-2293-C457-4C64A24E9A97}.Release|Any CPU.ActiveCfg = Release|Any CPU
		{79251B21-D7B6-2293-C457-4C64A24E9A97}.Release|Any CPU.Build.0 = Release|Any CPU
		{3BE8ECF4-CEA1-C1D8-D6B1-7FA93BFDC87D}.Debug|Any CPU.ActiveCfg = Debug|Any CPU
		{3BE8ECF4-CEA1-C1D8-D6B1-7FA93BFDC87D}.Debug|Any CPU.Build.0 = Debug|Any CPU
		{3BE8ECF4-CEA1-C1D8-D6B1-7FA93BFDC87D}.Release|Any CPU.ActiveCfg = Release|Any CPU
		{3BE8ECF4-CEA1-C1D8-D6B1-7FA93BFDC87D}.Release|Any CPU.Build.0 = Release|Any CPU
		{82035C8A-F716-4737-1E7C-FCCAD7E7DE9C}.Debug|Any CPU.ActiveCfg = Debug|Any CPU
		{82035C8A-F716-4737-1E7C-FCCAD7E7DE9C}.Debug|Any CPU.Build.0 = Debug|Any CPU
		{82035C8A-F716-4737-1E7C-FCCAD7E7DE9C}.Release|Any CPU.ActiveCfg = Release|Any CPU
		{82035C8A-F716-4737-1E7C-FCCAD7E7DE9C}.Release|Any CPU.Build.0 = Release|Any CPU
		{C654F0AE-061B-D8EF-F1FE-04F086FE80B6}.Debug|Any CPU.ActiveCfg = Debug|Any CPU
		{C654F0AE-061B-D8EF-F1FE-04F086FE80B6}.Debug|Any CPU.Build.0 = Debug|Any CPU
		{C654F0AE-061B-D8EF-F1FE-04F086FE80B6}.Release|Any CPU.ActiveCfg = Release|Any CPU
		{C654F0AE-061B-D8EF-F1FE-04F086FE80B6}.Release|Any CPU.Build.0 = Release|Any CPU
		{4514E58F-5526-73CA-51E6-4B9C68F6E5C1}.Debug|Any CPU.ActiveCfg = Debug|Any CPU
		{4514E58F-5526-73CA-51E6-4B9C68F6E5C1}.Debug|Any CPU.Build.0 = Debug|Any CPU
		{4514E58F-5526-73CA-51E6-4B9C68F6E5C1}.Release|Any CPU.ActiveCfg = Release|Any CPU
		{4514E58F-5526-73CA-51E6-4B9C68F6E5C1}.Release|Any CPU.Build.0 = Release|Any CPU
		{A8FB6861-3202-D81D-0728-3CF0368B620C}.Debug|Any CPU.ActiveCfg = Debug|Any CPU
		{A8FB6861-3202-D81D-0728-3CF0368B620C}.Debug|Any CPU.Build.0 = Debug|Any CPU
		{A8FB6861-3202-D81D-0728-3CF0368B620C}.Release|Any CPU.ActiveCfg = Release|Any CPU
		{A8FB6861-3202-D81D-0728-3CF0368B620C}.Release|Any CPU.Build.0 = Release|Any CPU
		{C54739E5-7491-7BEE-2584-29E88F4F5545}.Debug|Any CPU.ActiveCfg = Debug|Any CPU
		{C54739E5-7491-7BEE-2584-29E88F4F5545}.Debug|Any CPU.Build.0 = Debug|Any CPU
		{C54739E5-7491-7BEE-2584-29E88F4F5545}.Release|Any CPU.ActiveCfg = Release|Any CPU
		{C54739E5-7491-7BEE-2584-29E88F4F5545}.Release|Any CPU.Build.0 = Release|Any CPU
		{2F0309E2-FA57-5EB8-5602-A0953CB41493}.Debug|Any CPU.ActiveCfg = Debug|Any CPU
		{2F0309E2-FA57-5EB8-5602-A0953CB41493}.Debug|Any CPU.Build.0 = Debug|Any CPU
		{2F0309E2-FA57-5EB8-5602-A0953CB41493}.Release|Any CPU.ActiveCfg = Release|Any CPU
		{2F0309E2-FA57-5EB8-5602-A0953CB41493}.Release|Any CPU.Build.0 = Release|Any CPU
	EndGlobalSection
	GlobalSection(SolutionProperties) = preSolution
		HideSolutionNode = FALSE
	EndGlobalSection
	GlobalSection(NestedProjects) = preSolution
		{D449DE19-A848-524D-7A6D-22FCF906640A} = {390790CD-3C28-4DCB-875F-122C919A31D4}
		{A18B765C-2F3C-9542-7BFA-790FA67C650B} = {390790CD-3C28-4DCB-875F-122C919A31D4}
		{79251B21-D7B6-2293-C457-4C64A24E9A97} = {390790CD-3C28-4DCB-875F-122C919A31D4}
		{3BE8ECF4-CEA1-C1D8-D6B1-7FA93BFDC87D} = {390790CD-3C28-4DCB-875F-122C919A31D4}
		{82035C8A-F716-4737-1E7C-FCCAD7E7DE9C} = {390790CD-3C28-4DCB-875F-122C919A31D4}
		{C654F0AE-061B-D8EF-F1FE-04F086FE80B6} = {390790CD-3C28-4DCB-875F-122C919A31D4}
		{4514E58F-5526-73CA-51E6-4B9C68F6E5C1} = {54709017-F03B-4757-ACFC-30385AFE06B4}
		{A8FB6861-3202-D81D-0728-3CF0368B620C} = {6CED1DF5-743C-47FC-B914-F8F901841B1D}
		{C54739E5-7491-7BEE-2584-29E88F4F5545} = {6CED1DF5-743C-47FC-B914-F8F901841B1D}
		{2F0309E2-FA57-5EB8-5602-A0953CB41493} = {4149F270-B10F-42DD-B47B-D7D51D5B8DBE}
	EndGlobalSection
	GlobalSection(ExtensibilityGlobals) = postSolution
		SolutionGuid = {42C79E63-FF99-45A0-95C6-4139A4F2B40C}
	EndGlobalSection
EndGlobal
