
Microsoft Visual Studio Solution File, Format Version 12.00
# Visual Studio Version 17
VisualStudioVersion = 17.13.35708.224
MinimumVisualStudioVersion = 10.0.40219.1
Project("{2150E333-8FDC-42A3-9474-1A3956D46DE8}") = "Samples", "Samples", "{02EA681E-C7D8-13C7-8484-4AC65E1B71E8}"
EndProject
Project("{2150E333-8FDC-42A3-9474-1A3956D46DE8}") = "CommunityToolkit.WinForms", "CommunityToolkit.WinForms", "{55C536A0-7C89-4D4D-A561-5D5B7D9A83D8}"
EndProject
Project("{2150E333-8FDC-42A3-9474-1A3956D46DE8}") = "_solution items", "_solution items", "{69C008BF-8646-4F41-AF40-FA79FB9AC566}"
	ProjectSection(SolutionItems) = preProject
		.editorconfig = .editorconfig
		.gitignore = .gitignore
		global.json = global.json
		README.md = README.md
	EndProjectSection
EndProject
Project("{FAE04EC0-301F-11D3-BF4B-00C04F79EFBC}") = "Chatty", "samples\cs\Chatty\Chatty.csproj", "{ED5BF976-41F7-FFED-45D1-B29774A37889}"
EndProject
Project("{FAE04EC0-301F-11D3-BF4B-00C04F79EFBC}") = "CommunityToolkit.WinForms.ConversationView", "src\CommunityToolkit.ConversationView\CommunityToolkit.WinForms.ConversationView.csproj", "{9B79AA27-2AC4-2C85-D069-839C3D89F54A}"
EndProject
Project("{FAE04EC0-301F-11D3-BF4B-00C04F79EFBC}") = "CommunityToolkit.WinForms.DesktopGeneric.Mvvm", "src\CommunityToolkit.DesktopGeneric.Mvvm\CommunityToolkit.WinForms.DesktopGeneric.Mvvm.csproj", "{358AC290-5766-B205-4875-74B30DE57E1B}"
EndProject
Project("{FAE04EC0-301F-11D3-BF4B-00C04F79EFBC}") = "CommunityToolkit.WinForms.Extensions.FormAndControlExtensions", "src\CommunityToolkit.WinForms.FormAndControlExtensions\CommunityToolkit.WinForms.Extensions.FormAndControlExtensions.csproj", "{B7332997-E9DD-7D70-85E1-CDF824326D20}"
EndProject
Project("{FAE04EC0-301F-11D3-BF4B-00C04F79EFBC}") = "CommunityToolkit.WinForms.ComponentModel", "src\CommunityToolkit.WinForms.ComponentModel\CommunityToolkit.WinForms.ComponentModel.csproj", "{CD2BE754-6E18-516C-E2B4-09B74FA11A2A}"
EndProject
Project("{FAE04EC0-301F-11D3-BF4B-00C04F79EFBC}") = "CommunityToolkit.WinForms.Mvvm", "src\CommunityToolkit.WinForms.Mvvm\CommunityToolkit.WinForms.Mvvm.csproj", "{5B2D2E99-CC28-3259-E268-2CCA5BCC8C5D}"
EndProject
Global
	GlobalSection(SolutionConfigurationPlatforms) = preSolution
		Debug|Any CPU = Debug|Any CPU
		Release|Any CPU = Release|Any CPU
	EndGlobalSection
	GlobalSection(ProjectConfigurationPlatforms) = postSolution
		{ED5BF976-41F7-FFED-45D1-B29774A37889}.Debug|Any CPU.ActiveCfg = Debug|Any CPU
		{ED5BF976-41F7-FFED-45D1-B29774A37889}.Debug|Any CPU.Build.0 = Debug|Any CPU
		{ED5BF976-41F7-FFED-45D1-B29774A37889}.Release|Any CPU.ActiveCfg = Release|Any CPU
		{ED5BF976-41F7-FFED-45D1-B29774A37889}.Release|Any CPU.Build.0 = Release|Any CPU
		{9B79AA27-2AC4-2C85-D069-839C3D89F54A}.Debug|Any CPU.ActiveCfg = Debug|Any CPU
		{9B79AA27-2AC4-2C85-D069-839C3D89F54A}.Debug|Any CPU.Build.0 = Debug|Any CPU
		{9B79AA27-2AC4-2C85-D069-839C3D89F54A}.Release|Any CPU.ActiveCfg = Release|Any CPU
		{9B79AA27-2AC4-2C85-D069-839C3D89F54A}.Release|Any CPU.Build.0 = Release|Any CPU
		{358AC290-5766-B205-4875-74B30DE57E1B}.Debug|Any CPU.ActiveCfg = Debug|Any CPU
		{358AC290-5766-B205-4875-74B30DE57E1B}.Debug|Any CPU.Build.0 = Debug|Any CPU
		{358AC290-5766-B205-4875-74B30DE57E1B}.Release|Any CPU.ActiveCfg = Release|Any CPU
		{358AC290-5766-B205-4875-74B30DE57E1B}.Release|Any CPU.Build.0 = Release|Any CPU
		{B7332997-E9DD-7D70-85E1-CDF824326D20}.Debug|Any CPU.ActiveCfg = Debug|Any CPU
		{B7332997-E9DD-7D70-85E1-CDF824326D20}.Debug|Any CPU.Build.0 = Debug|Any CPU
		{B7332997-E9DD-7D70-85E1-CDF824326D20}.Release|Any CPU.ActiveCfg = Release|Any CPU
		{B7332997-E9DD-7D70-85E1-CDF824326D20}.Release|Any CPU.Build.0 = Release|Any CPU
		{CD2BE754-6E18-516C-E2B4-09B74FA11A2A}.Debug|Any CPU.ActiveCfg = Debug|Any CPU
		{CD2BE754-6E18-516C-E2B4-09B74FA11A2A}.Debug|Any CPU.Build.0 = Debug|Any CPU
		{CD2BE754-6E18-516C-E2B4-09B74FA11A2A}.Release|Any CPU.ActiveCfg = Release|Any CPU
		{CD2BE754-6E18-516C-E2B4-09B74FA11A2A}.Release|Any CPU.Build.0 = Release|Any CPU
		{5B2D2E99-CC28-3259-E268-2CCA5BCC8C5D}.Debug|Any CPU.ActiveCfg = Debug|Any CPU
		{5B2D2E99-CC28-3259-E268-2CCA5BCC8C5D}.Debug|Any CPU.Build.0 = Debug|Any CPU
		{5B2D2E99-CC28-3259-E268-2CCA5BCC8C5D}.Release|Any CPU.ActiveCfg = Release|Any CPU
		{5B2D2E99-CC28-3259-E268-2CCA5BCC8C5D}.Release|Any CPU.Build.0 = Release|Any CPU
	EndGlobalSection
	GlobalSection(SolutionProperties) = preSolution
		HideSolutionNode = FALSE
	EndGlobalSection
	GlobalSection(NestedProjects) = preSolution
		{ED5BF976-41F7-FFED-45D1-B29774A37889} = {02EA681E-C7D8-13C7-8484-4AC65E1B71E8}
		{9B79AA27-2AC4-2C85-D069-839C3D89F54A} = {55C536A0-7C89-4D4D-A561-5D5B7D9A83D8}
		{358AC290-5766-B205-4875-74B30DE57E1B} = {55C536A0-7C89-4D4D-A561-5D5B7D9A83D8}
		{B7332997-E9DD-7D70-85E1-CDF824326D20} = {55C536A0-7C89-4D4D-A561-5D5B7D9A83D8}
		{CD2BE754-6E18-516C-E2B4-09B74FA11A2A} = {55C536A0-7C89-4D4D-A561-5D5B7D9A83D8}
		{5B2D2E99-CC28-3259-E268-2CCA5BCC8C5D} = {55C536A0-7C89-4D4D-A561-5D5B7D9A83D8}
	EndGlobalSection
	GlobalSection(ExtensibilityGlobals) = postSolution
		SolutionGuid = {C29EC333-F508-4B96-AD8D-01F199315E0E}
	EndGlobalSection
EndGlobal
