
Microsoft Visual Studio Solution File, Format Version 12.00
# Visual Studio Version 17
VisualStudioVersion = 17.12.35126.257
MinimumVisualStudioVersion = 10.0.40219.1
Project("{2150E333-8FDC-42A3-9474-1A3956D46DE8}") = "Solution Items", "Solution Items", "{FF755421-9C7B-4CB7-9AAB-3BE61533CEC2}"
	ProjectSection(SolutionItems) = preProject
		.editorconfig = .editorconfig
	EndProjectSection
EndProject
Project("{FAE04EC0-301F-11D3-BF4B-00C04F79EFBC}") = "ModernTabControl", "ModernTabControl\ModernTabControl.csproj", "{1B53433C-ACE1-4001-912C-8CEF22C33344}"
EndProject
Project("{F184B08F-C81C-45F6-A57F-5ABD9991F28F}") = "Net8LegacyTests", "Net8LegacyTests\Net8LegacyTests.vbproj", "{8E8C32C0-D3D4-46AE-B161-9D1F11F116C9}"
EndProject
Project("{F184B08F-C81C-45F6-A57F-5ABD9991F28F}") = "AsyncDarkModeDemo", "AsyncDarkModeDemo\AsyncDarkModeDemo.vbproj", "{A37BDB9D-67F3-4C4A-8748-5CED1B685C4C}"
EndProject
Global
	GlobalSection(SolutionConfigurationPlatforms) = preSolution
		Debug|Any CPU = Debug|Any CPU
		Release|Any CPU = Release|Any CPU
	EndGlobalSection
	GlobalSection(ProjectConfigurationPlatforms) = postSolution
		{1B53433C-ACE1-4001-912C-8CEF22C33344}.Debug|Any CPU.ActiveCfg = Debug|Any CPU
		{1B53433C-ACE1-4001-912C-8CEF22C33344}.Debug|Any CPU.Build.0 = Debug|Any CPU
		{1B53433C-ACE1-4001-912C-8CEF22C33344}.Release|Any CPU.ActiveCfg = Release|Any CPU
		{1B53433C-ACE1-4001-912C-8CEF22C33344}.Release|Any CPU.Build.0 = Release|Any CPU
		{8E8C32C0-D3D4-46AE-B161-9D1F11F116C9}.Debug|Any CPU.ActiveCfg = Debug|Any CPU
		{8E8C32C0-D3D4-46AE-B161-9D1F11F116C9}.Debug|Any CPU.Build.0 = Debug|Any CPU
		{8E8C32C0-D3D4-46AE-B161-9D1F11F116C9}.Release|Any CPU.ActiveCfg = Release|Any CPU
		{8E8C32C0-D3D4-46AE-B161-9D1F11F116C9}.Release|Any CPU.Build.0 = Release|Any CPU
		{A37BDB9D-67F3-4C4A-8748-5CED1B685C4C}.Debug|Any CPU.ActiveCfg = Debug|Any CPU
		{A37BDB9D-67F3-4C4A-8748-5CED1B685C4C}.Debug|Any CPU.Build.0 = Debug|Any CPU
		{A37BDB9D-67F3-4C4A-8748-5CED1B685C4C}.Release|Any CPU.ActiveCfg = Release|Any CPU
		{A37BDB9D-67F3-4C4A-8748-5CED1B685C4C}.Release|Any CPU.Build.0 = Release|Any CPU
	EndGlobalSection
	GlobalSection(SolutionProperties) = preSolution
		HideSolutionNode = FALSE
	EndGlobalSection
	GlobalSection(ExtensibilityGlobals) = postSolution
		SolutionGuid = {26162A53-AAB0-41C0-8893-B9BA26BE5029}
	EndGlobalSection
EndGlobal
