
Microsoft Visual Studio Solution File, Format Version 12.00
# Visual Studio Version 17
VisualStudioVersion = 17.12.35225.41
MinimumVisualStudioVersion = 10.0.40219.1
Project("{2150E333-8FDC-42A3-9474-1A3956D46DE8}") = "_solutionItems", "_solutionItems", "{8657AEBE-036C-43C6-B8CC-5A67005595BF}"
	ProjectSection(SolutionItems) = preProject
		.copilot-instructions.md = .copilot-instructions.md
		..\..\..\.editorconfig = ..\..\..\.editorconfig
		NuGet.config = NuGet.config
	EndProjectSection
EndProject
Project("{FAE04EC0-301F-11D3-BF4B-00C04F79EFBC}") = "ConversationView", "ConversationView\ConversationView.csproj", "{0E59B316-57B0-4CD3-A437-9901EC03340E}"
EndProject
Project("{FAE04EC0-301F-11D3-BF4B-00C04F79EFBC}") = "WinFormsSkPlayGround", "WinFormsSkPlayGround\WinFormsSkPlayGround.csproj", "{75A3D9A0-A231-43FC-B343-5DC93FAB8E5B}"
EndProject
Project("{2150E333-8FDC-42A3-9474-1A3956D46DE8}") = "ControlsAndComponents", "ControlsAndComponents", "{F313AA26-114E-4FEF-94E9-5326DC4914AD}"
EndProject
Project("{FAE04EC0-301F-11D3-BF4B-00C04F79EFBC}") = "CommunityToolkit.WinForms.Mvvm", "..\..\..\src\CommunityToolkit.WinForms.Mvvm\CommunityToolkit.WinForms.Mvvm.csproj", "{74DEDD1F-D2E5-4B67-924B-C91E04E34524}"
EndProject
Project("{FAE04EC0-301F-11D3-BF4B-00C04F79EFBC}") = "CommunityToolkit.WinForms.Extensions.FormAndControlExtensions", "..\..\..\src\CommunityToolkit.WinForms.FormAndControlExtensions\CommunityToolkit.WinForms.Extensions.FormAndControlExtensions.csproj", "{A0C98445-F1D2-48BC-B5D9-92B71C3A83CA}"
EndProject
Project("{FAE04EC0-301F-11D3-BF4B-00C04F79EFBC}") = "CommunityToolkit.WinForms.TypedInputExtenders", "..\..\..\src\CommunityToolkit.WinForms.TypedInputExtender\CommunityToolkit.WinForms.TypedInputExtenders.csproj", "{73F0E6D3-7AE1-4DB7-B8FF-572DF8CB5289}"
EndProject
Project("{FAE04EC0-301F-11D3-BF4B-00C04F79EFBC}") = "CommunityToolkit.WinForms.ComponentModel", "..\..\..\src\CommunityToolkit.WinForms.ComponentModel\CommunityToolkit.WinForms.ComponentModel.csproj", "{F51D4805-BFD7-4868-B0D0-3980AAA36DA3}"
EndProject
Project("{FAE04EC0-301F-11D3-BF4B-00C04F79EFBC}") = "CommunityToolkit.DesktopGeneric.Mvvm", "..\..\..\src\CommunityToolkit.DesktopGeneric.Mvvm\CommunityToolkit.DesktopGeneric.Mvvm.csproj", "{87C01ACA-6505-4CEB-A7AC-CC8EF5FA2C76}"
EndProject
Project("{FAE04EC0-301F-11D3-BF4B-00C04F79EFBC}") = "CommunityToolkit.WinForms.FluentUI", "..\..\..\src\CommunityToolkit.WinForms.FluentUI\CommunityToolkit.WinForms.FluentUI.csproj", "{08410277-C1DA-4C6E-8371-4A687E0DEAB3}"
EndProject
Project("{FAE04EC0-301F-11D3-BF4B-00C04F79EFBC}") = "CommunityToolkit.WinForms.AI", "..\..\..\src\CommunityToolkit.WinForms.AI\CommunityToolkit.WinForms.AI.csproj", "{1BB342A5-2A9D-4E4A-9CA3-F6EBE28116E4}"
EndProject
Project("{FAE04EC0-301F-11D3-BF4B-00C04F79EFBC}") = "CommunityToolkit.WinForms.Controls.ConsoleControl", "..\..\..\src\CommunityToolkit.WinForms.ConsoleControl\CommunityToolkit.WinForms.Controls.ConsoleControl.csproj", "{86E1EC3A-B481-488F-B7D3-A97ACC7617CE}"
EndProject
Project("{FAE04EC0-301F-11D3-BF4B-00C04F79EFBC}") = "CommunityToolkit.WinForms.AsyncSupport", "..\..\..\src\CommunityToolkit.WinForms.AsyncSupport\CommunityToolkit.WinForms.AsyncSupport.csproj", "{63E92838-831F-C146-4336-EB98AE2335B0}"
EndProject
Global
	GlobalSection(SolutionConfigurationPlatforms) = preSolution
		Debug|Any CPU = Debug|Any CPU
		Release|Any CPU = Release|Any CPU
	EndGlobalSection
	GlobalSection(ProjectConfigurationPlatforms) = postSolution
		{0E59B316-57B0-4CD3-A437-9901EC03340E}.Debug|Any CPU.ActiveCfg = Debug|Any CPU
		{0E59B316-57B0-4CD3-A437-9901EC03340E}.Debug|Any CPU.Build.0 = Debug|Any CPU
		{0E59B316-57B0-4CD3-A437-9901EC03340E}.Release|Any CPU.ActiveCfg = Release|Any CPU
		{0E59B316-57B0-4CD3-A437-9901EC03340E}.Release|Any CPU.Build.0 = Release|Any CPU
		{75A3D9A0-A231-43FC-B343-5DC93FAB8E5B}.Debug|Any CPU.ActiveCfg = Debug|Any CPU
		{75A3D9A0-A231-43FC-B343-5DC93FAB8E5B}.Debug|Any CPU.Build.0 = Debug|Any CPU
		{75A3D9A0-A231-43FC-B343-5DC93FAB8E5B}.Release|Any CPU.ActiveCfg = Release|Any CPU
		{75A3D9A0-A231-43FC-B343-5DC93FAB8E5B}.Release|Any CPU.Build.0 = Release|Any CPU
		{74DEDD1F-D2E5-4B67-924B-C91E04E34524}.Debug|Any CPU.ActiveCfg = Debug|Any CPU
		{74DEDD1F-D2E5-4B67-924B-C91E04E34524}.Debug|Any CPU.Build.0 = Debug|Any CPU
		{74DEDD1F-D2E5-4B67-924B-C91E04E34524}.Release|Any CPU.ActiveCfg = Release|Any CPU
		{74DEDD1F-D2E5-4B67-924B-C91E04E34524}.Release|Any CPU.Build.0 = Release|Any CPU
		{A0C98445-F1D2-48BC-B5D9-92B71C3A83CA}.Debug|Any CPU.ActiveCfg = Debug|Any CPU
		{A0C98445-F1D2-48BC-B5D9-92B71C3A83CA}.Debug|Any CPU.Build.0 = Debug|Any CPU
		{A0C98445-F1D2-48BC-B5D9-92B71C3A83CA}.Release|Any CPU.ActiveCfg = Release|Any CPU
		{A0C98445-F1D2-48BC-B5D9-92B71C3A83CA}.Release|Any CPU.Build.0 = Release|Any CPU
		{73F0E6D3-7AE1-4DB7-B8FF-572DF8CB5289}.Debug|Any CPU.ActiveCfg = Debug|Any CPU
		{73F0E6D3-7AE1-4DB7-B8FF-572DF8CB5289}.Debug|Any CPU.Build.0 = Debug|Any CPU
		{73F0E6D3-7AE1-4DB7-B8FF-572DF8CB5289}.Release|Any CPU.ActiveCfg = Release|Any CPU
		{73F0E6D3-7AE1-4DB7-B8FF-572DF8CB5289}.Release|Any CPU.Build.0 = Release|Any CPU
		{F51D4805-BFD7-4868-B0D0-3980AAA36DA3}.Debug|Any CPU.ActiveCfg = Debug|Any CPU
		{F51D4805-BFD7-4868-B0D0-3980AAA36DA3}.Debug|Any CPU.Build.0 = Debug|Any CPU
		{F51D4805-BFD7-4868-B0D0-3980AAA36DA3}.Release|Any CPU.ActiveCfg = Release|Any CPU
		{F51D4805-BFD7-4868-B0D0-3980AAA36DA3}.Release|Any CPU.Build.0 = Release|Any CPU
		{87C01ACA-6505-4CEB-A7AC-CC8EF5FA2C76}.Debug|Any CPU.ActiveCfg = Debug|Any CPU
		{87C01ACA-6505-4CEB-A7AC-CC8EF5FA2C76}.Debug|Any CPU.Build.0 = Debug|Any CPU
		{87C01ACA-6505-4CEB-A7AC-CC8EF5FA2C76}.Release|Any CPU.ActiveCfg = Release|Any CPU
		{87C01ACA-6505-4CEB-A7AC-CC8EF5FA2C76}.Release|Any CPU.Build.0 = Release|Any CPU
		{08410277-C1DA-4C6E-8371-4A687E0DEAB3}.Debug|Any CPU.ActiveCfg = Debug|Any CPU
		{08410277-C1DA-4C6E-8371-4A687E0DEAB3}.Debug|Any CPU.Build.0 = Debug|Any CPU
		{08410277-C1DA-4C6E-8371-4A687E0DEAB3}.Release|Any CPU.ActiveCfg = Release|Any CPU
		{08410277-C1DA-4C6E-8371-4A687E0DEAB3}.Release|Any CPU.Build.0 = Release|Any CPU
		{1BB342A5-2A9D-4E4A-9CA3-F6EBE28116E4}.Debug|Any CPU.ActiveCfg = Debug|Any CPU
		{1BB342A5-2A9D-4E4A-9CA3-F6EBE28116E4}.Debug|Any CPU.Build.0 = Debug|Any CPU
		{1BB342A5-2A9D-4E4A-9CA3-F6EBE28116E4}.Release|Any CPU.ActiveCfg = Release|Any CPU
		{1BB342A5-2A9D-4E4A-9CA3-F6EBE28116E4}.Release|Any CPU.Build.0 = Release|Any CPU
		{86E1EC3A-B481-488F-B7D3-A97ACC7617CE}.Debug|Any CPU.ActiveCfg = Debug|Any CPU
		{86E1EC3A-B481-488F-B7D3-A97ACC7617CE}.Debug|Any CPU.Build.0 = Debug|Any CPU
		{86E1EC3A-B481-488F-B7D3-A97ACC7617CE}.Release|Any CPU.ActiveCfg = Release|Any CPU
		{86E1EC3A-B481-488F-B7D3-A97ACC7617CE}.Release|Any CPU.Build.0 = Release|Any CPU
		{63E92838-831F-C146-4336-EB98AE2335B0}.Debug|Any CPU.ActiveCfg = Debug|Any CPU
		{63E92838-831F-C146-4336-EB98AE2335B0}.Debug|Any CPU.Build.0 = Debug|Any CPU
		{63E92838-831F-C146-4336-EB98AE2335B0}.Release|Any CPU.ActiveCfg = Release|Any CPU
		{63E92838-831F-C146-4336-EB98AE2335B0}.Release|Any CPU.Build.0 = Release|Any CPU
	EndGlobalSection
	GlobalSection(SolutionProperties) = preSolution
		HideSolutionNode = FALSE
	EndGlobalSection
	GlobalSection(NestedProjects) = preSolution
		{74DEDD1F-D2E5-4B67-924B-C91E04E34524} = {F313AA26-114E-4FEF-94E9-5326DC4914AD}
		{A0C98445-F1D2-48BC-B5D9-92B71C3A83CA} = {F313AA26-114E-4FEF-94E9-5326DC4914AD}
		{73F0E6D3-7AE1-4DB7-B8FF-572DF8CB5289} = {F313AA26-114E-4FEF-94E9-5326DC4914AD}
		{F51D4805-BFD7-4868-B0D0-3980AAA36DA3} = {F313AA26-114E-4FEF-94E9-5326DC4914AD}
		{87C01ACA-6505-4CEB-A7AC-CC8EF5FA2C76} = {F313AA26-114E-4FEF-94E9-5326DC4914AD}
		{08410277-C1DA-4C6E-8371-4A687E0DEAB3} = {F313AA26-114E-4FEF-94E9-5326DC4914AD}
		{1BB342A5-2A9D-4E4A-9CA3-F6EBE28116E4} = {F313AA26-114E-4FEF-94E9-5326DC4914AD}
		{86E1EC3A-B481-488F-B7D3-A97ACC7617CE} = {F313AA26-114E-4FEF-94E9-5326DC4914AD}
		{63E92838-831F-C146-4336-EB98AE2335B0} = {F313AA26-114E-4FEF-94E9-5326DC4914AD}
	EndGlobalSection
	GlobalSection(ExtensibilityGlobals) = postSolution
		SolutionGuid = {DDAC88CF-BFAB-40D6-A461-0609CA7E6B3D}
	EndGlobalSection
EndGlobal
