
Microsoft Visual Studio Solution File, Format Version 12.00
# Visual Studio Version 17
VisualStudioVersion = 17.13.35507.96 d17.13
MinimumVisualStudioVersion = 10.0.40219.1
Project("{FAE04EC0-301F-11D3-BF4B-00C04F79EFBC}") = "PictureViewer", "PictureViewer\PictureViewer.csproj", "{5253F3C6-3034-443C-B2D9-AC2CBB85FF8B}"
EndProject
Project("{FAE04EC0-301F-11D3-BF4B-00C04F79EFBC}") = "CommunityToolkit.WinForms.FluentUI", "..\..\..\src\CommunityToolkit.WinForms.FluentUI\CommunityToolkit.WinForms.FluentUI.csproj", "{3BE8ECF4-CEA1-C1D8-D6B1-7FA93BFDC87D}"
EndProject
Global
	GlobalSection(SolutionConfigurationPlatforms) = preSolution
		Debug|Any CPU = Debug|Any CPU
		Release|Any CPU = Release|Any CPU
	EndGlobalSection
	GlobalSection(ProjectConfigurationPlatforms) = postSolution
		{5253F3C6-3034-443C-B2D9-AC2CBB85FF8B}.Debug|Any CPU.ActiveCfg = Debug|Any CPU
		{5253F3C6-3034-443C-B2D9-AC2CBB85FF8B}.Debug|Any CPU.Build.0 = Debug|Any CPU
		{5253F3C6-3034-443C-B2D9-AC2CBB85FF8B}.Release|Any CPU.ActiveCfg = Release|Any CPU
		{5253F3C6-3034-443C-B2D9-AC2CBB85FF8B}.Release|Any CPU.Build.0 = Release|Any CPU
		{3BE8ECF4-CEA1-C1D8-D6B1-7FA93BFDC87D}.Debug|Any CPU.ActiveCfg = Debug|Any CPU
		{3BE8ECF4-CEA1-C1D8-D6B1-7FA93BFDC87D}.Debug|Any CPU.Build.0 = Debug|Any CPU
		{3BE8ECF4-CEA1-C1D8-D6B1-7FA93BFDC87D}.Release|Any CPU.ActiveCfg = Release|Any CPU
		{3BE8ECF4-CEA1-C1D8-D6B1-7FA93BFDC87D}.Release|Any CPU.Build.0 = Release|Any CPU
	EndGlobalSection
	GlobalSection(SolutionProperties) = preSolution
		HideSolutionNode = FALSE
	EndGlobalSection
	GlobalSection(ExtensibilityGlobals) = postSolution
		SolutionGuid = {DD249E5A-1D47-4288-98AB-0D62295822C1}
	EndGlobalSection
EndGlobal
