
Microsoft Visual Studio Solution File, Format Version 12.00
# Visual Studio Version 17
VisualStudioVersion = 17.11.35021.135
MinimumVisualStudioVersion = 10.0.40219.1
Project("{9A19103F-16F7-4668-BE54-9A1E7A4F7556}") = "DarkModeDemo", "DarkModeDemo\DarkModeDemo.csproj", "{BB9697D5-DBFC-402C-9224-36D70394BCC0}"
EndProject
Project("{2150E333-8FDC-42A3-9474-1A3956D46DE8}") = "Solution Items", "Solution Items", "{2EE2B8E3-CCBD-4A81-9D32-414160328955}"
	ProjectSection(SolutionItems) = preProject
		.editorconfig = .editorconfig
	EndProjectSection
EndProject
Global
	GlobalSection(SolutionConfigurationPlatforms) = preSolution
		Debug|Any CPU = Debug|Any CPU
		Release|Any CPU = Release|Any CPU
	EndGlobalSection
	GlobalSection(ProjectConfigurationPlatforms) = postSolution
		{BB9697D5-DBFC-402C-9224-36D70394BCC0}.Debug|Any CPU.ActiveCfg = Debug|Any CPU
		{BB9697D5-DBFC-402C-9224-36D70394BCC0}.Debug|Any CPU.Build.0 = Debug|Any CPU
		{BB9697D5-DBFC-402C-9224-36D70394BCC0}.Release|Any CPU.ActiveCfg = Release|Any CPU
		{BB9697D5-DBFC-402C-9224-36D70394BCC0}.Release|Any CPU.Build.0 = Release|Any CPU
	EndGlobalSection
	GlobalSection(SolutionProperties) = preSolution
		HideSolutionNode = FALSE
	EndGlobalSection
	GlobalSection(ExtensibilityGlobals) = postSolution
		SolutionGuid = {DF03E401-59D5-4E2D-9196-C5DDFC878B06}
	EndGlobalSection
EndGlobal
